
Microsoft Visual Studio Solution File, Format Version 12.00
# Visual Studio Version 17
VisualStudioVersion = 17.0.31903.59
MinimumVisualStudioVersion = 10.0.40219.1
Project("{2150E333-8FDC-42A3-9474-1A3956D46DE8}") = "src", "src", "{827E0CD3-B72D-47B6-A68D-7590B98EB39B}"
EndProject
Project("{FAE04EC0-301F-11D3-BF4B-00C04F79EFBC}") = "WorkLifeBalance.Domain", "src\WorkLifeBalance.Domain\WorkLifeBalance.Domain.csproj", "{B5EC33EE-9848-4A0F-8276-2B2647223542}"
EndProject
Project("{FAE04EC0-301F-11D3-BF4B-00C04F79EFBC}") = "WorkLifeBalance.Application", "src\WorkLifeBalance.Application\WorkLifeBalance.Application.csproj", "{B51D2A5E-C4AC-4012-8273-2055752A867D}"
EndProject
Project("{FAE04EC0-301F-11D3-BF4B-00C04F79EFBC}") = "WorkLifeBalance.Infrastructure", "src\WorkLifeBalance.Infrastructure\WorkLifeBalance.Infrastructure.csproj", "{47C7A1FE-5166-4FE9-A7E4-0BB8AA59A1C3}"
EndProject
Project("{FAE04EC0-301F-11D3-BF4B-00C04F79EFBC}") = "WorkLifeBalance.Windows", "src\WorkLifeBalance.Windows\WorkLifeBalance.Windows.csproj", "{01595AB4-0A30-483C-AAC4-F0F403CBAE0D}"
EndProject
Project("{FAE04EC0-301F-11D3-BF4B-00C04F79EFBC}") = "WorkLifeBalance.Host", "src\WorkLifeBalance.Host\WorkLifeBalance.Host.csproj", "{EF51BA5D-5A5F-43D0-A6BF-7DBF543FA2CA}"
EndProject
Project("{FAE04EC0-301F-11D3-BF4B-00C04F79EFBC}") = "WorkLifeBalance.Tests", "tests\WorkLifeBalance.Tests\WorkLifeBalance.Tests.csproj", "{A15416C3-ED5C-4E22-89C7-DC5AF9A2C8F3}"
EndProject
Project("{2150E333-8FDC-42A3-9474-1A3956D46DE8}") = "tests", "tests", "{0AB3BF05-4346-4AA6-1389-037BE0695223}"
EndProject
Project("{FAE04EC0-301F-11D3-BF4B-00C04F79EFBC}") = "WorkLifeBalance.Windows.Tests", "tests\WorkLifeBalance.Windows.Tests\WorkLifeBalance.Windows.Tests.csproj", "{3140C9A6-A332-4672-B98E-1D718A22368F}"
EndProject
Project("{2150E333-8FDC-42A3-9474-1A3956D46DE8}") = "tools", "tools", "{07C2787E-EAC7-C090-1BA3-A61EC2A24D84}"
EndProject
Project("{FAE04EC0-301F-11D3-BF4B-00C04F79EFBC}") = "WorkLifeBalance.Smoke", "tools\WorkLifeBalance.Smoke\WorkLifeBalance.Smoke.csproj", "{46476E51-3BB9-4302-A036-CB15379D78BD}"
EndProject
Project("{FAE04EC0-301F-11D3-BF4B-00C04F79EFBC}") = "WorkLifeBalance.NativeHost", "src\WorkLifeBalance.NativeHost\WorkLifeBalance.NativeHost.csproj", "{E8BFB63E-3C29-404F-954C-5EE99B0EBF45}"
EndProject
Global
	GlobalSection(SolutionConfigurationPlatforms) = preSolution
		Debug|Any CPU = Debug|Any CPU
		Debug|x64 = Debug|x64
		Debug|x86 = Debug|x86
		Release|Any CPU = Release|Any CPU
		Release|x64 = Release|x64
		Release|x86 = Release|x86
	EndGlobalSection
	GlobalSection(ProjectConfigurationPlatforms) = postSolution
		{B5EC33EE-9848-4A0F-8276-2B2647223542}.Debug|Any CPU.ActiveCfg = Debug|Any CPU
		{B5EC33EE-9848-4A0F-8276-2B2647223542}.Debug|Any CPU.Build.0 = Debug|Any CPU
		{B5EC33EE-9848-4A0F-8276-2B2647223542}.Debug|x64.ActiveCfg = Debug|Any CPU
		{B5EC33EE-9848-4A0F-8276-2B2647223542}.Debug|x64.Build.0 = Debug|Any CPU
		{B5EC33EE-9848-4A0F-8276-2B2647223542}.Debug|x86.ActiveCfg = Debug|Any CPU
		{B5EC33EE-9848-4A0F-8276-2B2647223542}.Debug|x86.Build.0 = Debug|Any CPU
		{B5EC33EE-9848-4A0F-8276-2B2647223542}.Release|Any CPU.ActiveCfg = Release|Any CPU
		{B5EC33EE-9848-4A0F-8276-2B2647223542}.Release|Any CPU.Build.0 = Release|Any CPU
		{B5EC33EE-9848-4A0F-8276-2B2647223542}.Release|x64.ActiveCfg = Release|Any CPU
		{B5EC33EE-9848-4A0F-8276-2B2647223542}.Release|x64.Build.0 = Release|Any CPU
		{B5EC33EE-9848-4A0F-8276-2B2647223542}.Release|x86.ActiveCfg = Release|Any CPU
		{B5EC33EE-9848-4A0F-8276-2B2647223542}.Release|x86.Build.0 = Release|Any CPU
		{B51D2A5E-C4AC-4012-8273-2055752A867D}.Debug|Any CPU.ActiveCfg = Debug|Any CPU
		{B51D2A5E-C4AC-4012-8273-2055752A867D}.Debug|Any CPU.Build.0 = Debug|Any CPU
		{B51D2A5E-C4AC-4012-8273-2055752A867D}.Debug|x64.ActiveCfg = Debug|Any CPU
		{B51D2A5E-C4AC-4012-8273-2055752A867D}.Debug|x64.Build.0 = Debug|Any CPU
		{B51D2A5E-C4AC-4012-8273-2055752A867D}.Debug|x86.ActiveCfg = Debug|Any CPU
		{B51D2A5E-C4AC-4012-8273-2055752A867D}.Debug|x86.Build.0 = Debug|Any CPU
		{B51D2A5E-C4AC-4012-8273-2055752A867D}.Release|Any CPU.ActiveCfg = Release|Any CPU
		{B51D2A5E-C4AC-4012-8273-2055752A867D}.Release|Any CPU.Build.0 = Release|Any CPU
		{B51D2A5E-C4AC-4012-8273-2055752A867D}.Release|x64.ActiveCfg = Release|Any CPU
		{B51D2A5E-C4AC-4012-8273-2055752A867D}.Release|x64.Build.0 = Release|Any CPU
		{B51D2A5E-C4AC-4012-8273-2055752A867D}.Release|x86.ActiveCfg = Release|Any CPU
		{B51D2A5E-C4AC-4012-8273-2055752A867D}.Release|x86.Build.0 = Release|Any CPU
		{47C7A1FE-5166-4FE9-A7E4-0BB8AA59A1C3}.Debug|Any CPU.ActiveCfg = Debug|Any CPU
		{47C7A1FE-5166-4FE9-A7E4-0BB8AA59A1C3}.Debug|Any CPU.Build.0 = Debug|Any CPU
		{47C7A1FE-5166-4FE9-A7E4-0BB8AA59A1C3}.Debug|x64.ActiveCfg = Debug|Any CPU
		{47C7A1FE-5166-4FE9-A7E4-0BB8AA59A1C3}.Debug|x64.Build.0 = Debug|Any CPU
		{47C7A1FE-5166-4FE9-A7E4-0BB8AA59A1C3}.Debug|x86.ActiveCfg = Debug|Any CPU
		{47C7A1FE-5166-4FE9-A7E4-0BB8AA59A1C3}.Debug|x86.Build.0 = Debug|Any CPU
		{47C7A1FE-5166-4FE9-A7E4-0BB8AA59A1C3}.Release|Any CPU.ActiveCfg = Release|Any CPU
		{47C7A1FE-5166-4FE9-A7E4-0BB8AA59A1C3}.Release|Any CPU.Build.0 = Release|Any CPU
		{47C7A1FE-5166-4FE9-A7E4-0BB8AA59A1C3}.Release|x64.ActiveCfg = Release|Any CPU
		{47C7A1FE-5166-4FE9-A7E4-0BB8AA59A1C3}.Release|x64.Build.0 = Release|Any CPU
		{47C7A1FE-5166-4FE9-A7E4-0BB8AA59A1C3}.Release|x86.ActiveCfg = Release|Any CPU
		{47C7A1FE-5166-4FE9-A7E4-0BB8AA59A1C3}.Release|x86.Build.0 = Release|Any CPU
		{01595AB4-0A30-483C-AAC4-F0F403CBAE0D}.Debug|Any CPU.ActiveCfg = Debug|Any CPU
		{01595AB4-0A30-483C-AAC4-F0F403CBAE0D}.Debug|Any CPU.Build.0 = Debug|Any CPU
		{01595AB4-0A30-483C-AAC4-F0F403CBAE0D}.Debug|x64.ActiveCfg = Debug|Any CPU
		{01595AB4-0A30-483C-AAC4-F0F403CBAE0D}.Debug|x64.Build.0 = Debug|Any CPU
		{01595AB4-0A30-483C-AAC4-F0F403CBAE0D}.Debug|x86.ActiveCfg = Debug|Any CPU
		{01595AB4-0A30-483C-AAC4-F0F403CBAE0D}.Debug|x86.Build.0 = Debug|Any CPU
		{01595AB4-0A30-483C-AAC4-F0F403CBAE0D}.Release|Any CPU.ActiveCfg = Release|Any CPU
		{01595AB4-0A30-483C-AAC4-F0F403CBAE0D}.Release|Any CPU.Build.0 = Release|Any CPU
		{01595AB4-0A30-483C-AAC4-F0F403CBAE0D}.Release|x64.ActiveCfg = Release|Any CPU
		{01595AB4-0A30-483C-AAC4-F0F403CBAE0D}.Release|x64.Build.0 = Release|Any CPU
		{01595AB4-0A30-483C-AAC4-F0F403CBAE0D}.Release|x86.ActiveCfg = Release|Any CPU
		{01595AB4-0A30-483C-AAC4-F0F403CBAE0D}.Release|x86.Build.0 = Release|Any CPU
		{EF51BA5D-5A5F-43D0-A6BF-7DBF543FA2CA}.Debug|Any CPU.ActiveCfg = Debug|Any CPU
		{EF51BA5D-5A5F-43D0-A6BF-7DBF543FA2CA}.Debug|Any CPU.Build.0 = Debug|Any CPU
		{EF51BA5D-5A5F-43D0-A6BF-7DBF543FA2CA}.Debug|x64.ActiveCfg = Debug|Any CPU
		{EF51BA5D-5A5F-43D0-A6BF-7DBF543FA2CA}.Debug|x64.Build.0 = Debug|Any CPU
		{EF51BA5D-5A5F-43D0-A6BF-7DBF543FA2CA}.Debug|x86.ActiveCfg = Debug|Any CPU
		{EF51BA5D-5A5F-43D0-A6BF-7DBF543FA2CA}.Debug|x86.Build.0 = Debug|Any CPU
		{EF51BA5D-5A5F-43D0-A6BF-7DBF543FA2CA}.Release|Any CPU.ActiveCfg = Release|Any CPU
		{EF51BA5D-5A5F-43D0-A6BF-7DBF543FA2CA}.Release|Any CPU.Build.0 = Release|Any CPU
		{EF51BA5D-5A5F-43D0-A6BF-7DBF543FA2CA}.Release|x64.ActiveCfg = Release|Any CPU
		{EF51BA5D-5A5F-43D0-A6BF-7DBF543FA2CA}.Release|x64.Build.0 = Release|Any CPU
		{EF51BA5D-5A5F-43D0-A6BF-7DBF543FA2CA}.Release|x86.ActiveCfg = Release|Any CPU
		{EF51BA5D-5A5F-43D0-A6BF-7DBF543FA2CA}.Release|x86.Build.0 = Release|Any CPU
		{A15416C3-ED5C-4E22-89C7-DC5AF9A2C8F3}.Debug|Any CPU.ActiveCfg = Debug|Any CPU
		{A15416C3-ED5C-4E22-89C7-DC5AF9A2C8F3}.Debug|Any CPU.Build.0 = Debug|Any CPU
		{A15416C3-ED5C-4E22-89C7-DC5AF9A2C8F3}.Debug|x64.ActiveCfg = Debug|Any CPU
		{A15416C3-ED5C-4E22-89C7-DC5AF9A2C8F3}.Debug|x64.Build.0 = Debug|Any CPU
		{A15416C3-ED5C-4E22-89C7-DC5AF9A2C8F3}.Debug|x86.ActiveCfg = Debug|Any CPU
		{A15416C3-ED5C-4E22-89C7-DC5AF9A2C8F3}.Debug|x86.Build.0 = Debug|Any CPU
		{A15416C3-ED5C-4E22-89C7-DC5AF9A2C8F3}.Release|Any CPU.ActiveCfg = Release|Any CPU
		{A15416C3-ED5C-4E22-89C7-DC5AF9A2C8F3}.Release|Any CPU.Build.0 = Release|Any CPU
		{A15416C3-ED5C-4E22-89C7-DC5AF9A2C8F3}.Release|x64.ActiveCfg = Release|Any CPU
		{A15416C3-ED5C-4E22-89C7-DC5AF9A2C8F3}.Release|x64.Build.0 = Release|Any CPU
		{A15416C3-ED5C-4E22-89C7-DC5AF9A2C8F3}.Release|x86.ActiveCfg = Release|Any CPU
		{A15416C3-ED5C-4E22-89C7-DC5AF9A2C8F3}.Release|x86.Build.0 = Release|Any CPU
		{3140C9A6-A332-4672-B98E-1D718A22368F}.Debug|Any CPU.ActiveCfg = Debug|Any CPU
		{3140C9A6-A332-4672-B98E-1D718A22368F}.Debug|Any CPU.Build.0 = Debug|Any CPU
		{3140C9A6-A332-4672-B98E-1D718A22368F}.Debug|x64.ActiveCfg = Debug|Any CPU
		{3140C9A6-A332-4672-B98E-1D718A22368F}.Debug|x64.Build.0 = Debug|Any CPU
		{3140C9A6-A332-4672-B98E-1D718A22368F}.Debug|x86.ActiveCfg = Debug|Any CPU
		{3140C9A6-A332-4672-B98E-1D718A22368F}.Debug|x86.Build.0 = Debug|Any CPU
		{3140C9A6-A332-4672-B98E-1D718A22368F}.Release|Any CPU.ActiveCfg = Release|Any CPU
		{3140C9A6-A332-4672-B98E-1D718A22368F}.Release|Any CPU.Build.0 = Release|Any CPU
		{3140C9A6-A332-4672-B98E-1D718A22368F}.Release|x64.ActiveCfg = Release|Any CPU
		{3140C9A6-A332-4672-B98E-1D718A22368F}.Release|x64.Build.0 = Release|Any CPU
		{3140C9A6-A332-4672-B98E-1D718A22368F}.Release|x86.ActiveCfg = Release|Any CPU
		{3140C9A6-A332-4672-B98E-1D718A22368F}.Release|x86.Build.0 = Release|Any CPU
		{46476E51-3BB9-4302-A036-CB15379D78BD}.Debug|Any CPU.ActiveCfg = Debug|Any CPU
		{46476E51-3BB9-4302-A036-CB15379D78BD}.Debug|Any CPU.Build.0 = Debug|Any CPU
		{46476E51-3BB9-4302-A036-CB15379D78BD}.Debug|x64.ActiveCfg = Debug|Any CPU
		{46476E51-3BB9-4302-A036-CB15379D78BD}.Debug|x64.Build.0 = Debug|Any CPU
		{46476E51-3BB9-4302-A036-CB15379D78BD}.Debug|x86.ActiveCfg = Debug|Any CPU
		{46476E51-3BB9-4302-A036-CB15379D78BD}.Debug|x86.Build.0 = Debug|Any CPU
		{46476E51-3BB9-4302-A036-CB15379D78BD}.Release|Any CPU.ActiveCfg = Release|Any CPU
		{46476E51-3BB9-4302-A036-CB15379D78BD}.Release|Any CPU.Build.0 = Release|Any CPU
		{46476E51-3BB9-4302-A036-CB15379D78BD}.Release|x64.ActiveCfg = Release|Any CPU
		{46476E51-3BB9-4302-A036-CB15379D78BD}.Release|x64.Build.0 = Release|Any CPU
		{46476E51-3BB9-4302-A036-CB15379D78BD}.Release|x86.ActiveCfg = Release|Any CPU
		{46476E51-3BB9-4302-A036-CB15379D78BD}.Release|x86.Build.0 = Release|Any CPU
		{E8BFB63E-3C29-404F-954C-5EE99B0EBF45}.Debug|Any CPU.ActiveCfg = Debug|Any CPU
		{E8BFB63E-3C29-404F-954C-5EE99B0EBF45}.Debug|Any CPU.Build.0 = Debug|Any CPU
		{E8BFB63E-3C29-404F-954C-5EE99B0EBF45}.Debug|x64.ActiveCfg = Debug|Any CPU
		{E8BFB63E-3C29-404F-954C-5EE99B0EBF45}.Debug|x64.Build.0 = Debug|Any CPU
		{E8BFB63E-3C29-404F-954C-5EE99B0EBF45}.Debug|x86.ActiveCfg = Debug|Any CPU
		{E8BFB63E-3C29-404F-954C-5EE99B0EBF45}.Debug|x86.Build.0 = Debug|Any CPU
		{E8BFB63E-3C29-404F-954C-5EE99B0EBF45}.Release|Any CPU.ActiveCfg = Release|Any CPU
		{E8BFB63E-3C29-404F-954C-5EE99B0EBF45}.Release|Any CPU.Build.0 = Release|Any CPU
		{E8BFB63E-3C29-404F-954C-5EE99B0EBF45}.Release|x64.ActiveCfg = Release|Any CPU
		{E8BFB63E-3C29-404F-954C-5EE99B0EBF45}.Release|x64.Build.0 = Release|Any CPU
		{E8BFB63E-3C29-404F-954C-5EE99B0EBF45}.Release|x86.ActiveCfg = Release|Any CPU
		{E8BFB63E-3C29-404F-954C-5EE99B0EBF45}.Release|x86.Build.0 = Release|Any CPU
	EndGlobalSection
	GlobalSection(SolutionProperties) = preSolution
		HideSolutionNode = FALSE
	EndGlobalSection
	GlobalSection(NestedProjects) = preSolution
		{B5EC33EE-9848-4A0F-8276-2B2647223542} = {827E0CD3-B72D-47B6-A68D-7590B98EB39B}
		{B51D2A5E-C4AC-4012-8273-2055752A867D} = {827E0CD3-B72D-47B6-A68D-7590B98EB39B}
		{47C7A1FE-5166-4FE9-A7E4-0BB8AA59A1C3} = {827E0CD3-B72D-47B6-A68D-7590B98EB39B}
		{01595AB4-0A30-483C-AAC4-F0F403CBAE0D} = {827E0CD3-B72D-47B6-A68D-7590B98EB39B}
		{EF51BA5D-5A5F-43D0-A6BF-7DBF543FA2CA} = {827E0CD3-B72D-47B6-A68D-7590B98EB39B}
		{A15416C3-ED5C-4E22-89C7-DC5AF9A2C8F3} = {827E0CD3-B72D-47B6-A68D-7590B98EB39B}
		{3140C9A6-A332-4672-B98E-1D718A22368F} = {0AB3BF05-4346-4AA6-1389-037BE0695223}
		{46476E51-3BB9-4302-A036-CB15379D78BD} = {07C2787E-EAC7-C090-1BA3-A61EC2A24D84}
		{E8BFB63E-3C29-404F-954C-5EE99B0EBF45} = {827E0CD3-B72D-47B6-A68D-7590B98EB39B}
	EndGlobalSection
EndGlobal
