{
  "version": 1,
  "dependencies": {
    "net10.0-windows7.0": {
      "worklifebalance.application": {
        "type": "Project",
        "dependencies": {
          "WorkLifeBalance.Domain": "[1.0.0, )"
        }
      },
      "worklifebalance.domain": {
        "type": "Project"
      }
    }
  }
}